// !$*UTF8*$!
{
	archiveVersion = 1;
	classes = {
	};
	objectVersion = 46;
	objects = {

/* Begin PBXBuildFile section */
		A59BD29C194501A800562329 /* main.swift in Sources */ = {isa = PBXBuildFile; fileRef = A59BD29B194501A800562329 /* main.swift */; };
		A59BD29E194501A800562329 /* AppDelegate.swift in Sources */ = {isa = PBXBuildFile; fileRef = A59BD29D194501A800562329 /* AppDelegate.swift */; };
		A59BD2A0194501A800562329 /* Images.xcassets in Resources */ = {isa = PBXBuildFile; fileRef = A59BD29F194501A800562329 /* Images.xcassets */; };
		A59BD2A3194501A800562329 /* MainMenu.xib in Resources */ = {isa = PBXBuildFile; fileRef = A59BD2A1194501A800562329 /* MainMenu.xib */; };
		A59BD2AF194501A800562329 /* CIMenuTests.swift in Sources */ = {isa = PBXBuildFile; fileRef = A59BD2AE194501A800562329 /* CIMenuTests.swift */; };
/* End PBXBuildFile section */

/* Begin PBXContainerItemProxy section */
		A59BD2A9194501A800562329 /* PBXContainerItemProxy */ = {
			isa = PBXContainerItemProxy;
			containerPortal = A59BD28E194501A800562329 /* Project object */;
			proxyType = 1;
			remoteGlobalIDString = A59BD295194501A800562329;
			remoteInfo = CIMenu;
		};
/* End PBXContainerItemProxy section */

/* Begin PBXFileReference section */
		A59BD296194501A800562329 /* CIMenu.app */ = {isa = PBXFileReference; explicitFileType = wrapper.application; includeInIndex = 0; path = CIMenu.app; sourceTree = BUILT_PRODUCTS_DIR; };
		A59BD29A194501A800562329 /* Info.plist */ = {isa = PBXFileReference; lastKnownFileType = text.plist.xml; path = Info.plist; sourceTree = "<group>"; };
		A59BD29B194501A800562329 /* main.swift */ = {isa = PBXFileReference; lastKnownFileType = sourcecode.swift; path = main.swift; sourceTree = "<group>"; };
		A59BD29D194501A800562329 /* AppDelegate.swift */ = {isa = PBXFileReference; lastKnownFileType = sourcecode.swift; path = AppDelegate.swift; sourceTree = "<group>"; };
		A59BD29F194501A800562329 /* Images.xcassets */ = {isa = PBXFileReference; lastKnownFileType = folder.assetcatalog; path = Images.xcassets; sourceTree = "<group>"; };
		A59BD2A2194501A800562329 /* Base */ = {isa = PBXFileReference; lastKnownFileType = file.xib; name = Base; path = Base.lproj/MainMenu.xib; sourceTree = "<group>"; };
		A59BD2A8194501A800562329 /* CIMenuTests.xctest */ = {isa = PBXFileReference; explicitFileType = wrapper.cfbundle; includeInIndex = 0; path = CIMenuTests.xctest; sourceTree = BUILT_PRODUCTS_DIR; };
		A59BD2AD194501A800562329 /* Info.plist */ = {isa = PBXFileReference; lastKnownFileType = text.plist.xml; path = Info.plist; sourceTree = "<group>"; };
		A59BD2AE194501A800562329 /* CIMenuTests.swift */ = {isa = PBXFileReference; lastKnownFileType = sourcecode.swift; path = CIMenuTests.swift; sourceTree = "<group>"; };
/* End PBXFileReference section */

/* Begin PBXFrameworksBuildPhase section */
		A59BD293194501A800562329 /* Frameworks */ = {
			isa = PBXFrameworksBuildPhase;
			buildActionMask = 2147483647;
			files = (
			);
			runOnlyForDeploymentPostprocessing = 0;
		};
		A59BD2A5194501A800562329 /* Frameworks */ = {
			isa = PBXFrameworksBuildPhase;
			buildActionMask = 2147483647;
			files = (
			);
			runOnlyForDeploymentPostprocessing = 0;
		};
/* End PBXFrameworksBuildPhase section */

/* Begin PBXGroup section */
		A59BD28D194501A800562329 = {
			isa = PBXGroup;
			children = (
				A59BD298194501A800562329 /* CIMenu */,
				A59BD2AB194501A800562329 /* CIMenuTests */,
				A59BD297194501A800562329 /* Products */,
			);
			sourceTree = "<group>";
		};
		A59BD297194501A800562329 /* Products */ = {
			isa = PBXGroup;
			children = (
				A59BD296194501A800562329 /* CIMenu.app */,
				A59BD2A8194501A800562329 /* CIMenuTests.xctest */,
			);
			name = Products;
			sourceTree = "<group>";
		};
		A59BD298194501A800562329 /* CIMenu */ = {
			isa = PBXGroup;
			children = (
				A59BD29D194501A800562329 /* AppDelegate.swift */,
				A59BD29F194501A800562329 /* Images.xcassets */,
				A59BD2A1194501A800562329 /* MainMenu.xib */,
				A59BD299194501A800562329 /* Supporting Files */,
			);
			path = CIMenu;
			sourceTree = "<group>";
		};
		A59BD299194501A800562329 /* Supporting Files */ = {
			isa = PBXGroup;
			children = (
				A59BD29A194501A800562329 /* Info.plist */,
				A59BD29B194501A800562329 /* main.swift */,
			);
			name = "Supporting Files";
			sourceTree = "<group>";
		};
		A59BD2AB194501A800562329 /* CIMenuTests */ = {
			isa = PBXGroup;
			children = (
				A59BD2AE194501A800562329 /* CIMenuTests.swift */,
				A59BD2AC194501A800562329 /* Supporting Files */,
			);
			path = CIMenuTests;
			sourceTree = "<group>";
		};
		A59BD2AC194501A800562329 /* Supporting Files */ = {
			isa = PBXGroup;
			children = (
				A59BD2AD194501A800562329 /* Info.plist */,
			);
			name = "Supporting Files";
			sourceTree = "<group>";
		};
/* End PBXGroup section */

/* Begin PBXNativeTarget section */
		A59BD295194501A800562329 /* CIMenu */ = {
			isa = PBXNativeTarget;
			buildConfigurationList = A59BD2B2194501A800562329 /* Build configuration list for PBXNativeTarget "CIMenu" */;
			buildPhases = (
				A59BD292194501A800562329 /* Sources */,
				A59BD293194501A800562329 /* Frameworks */,
				A59BD294194501A800562329 /* Resources */,
			);
			buildRules = (
			);
			dependencies = (
			);
			name = CIMenu;
			productName = CIMenu;
			productReference = A59BD296194501A800562329 /* CIMenu.app */;
			productType = "com.apple.product-type.application";
		};
		A59BD2A7194501A800562329 /* CIMenuTests */ = {
			isa = PBXNativeTarget;
			buildConfigurationList = A59BD2B5194501A800562329 /* Build configuration list for PBXNativeTarget "CIMenuTests" */;
			buildPhases = (
				A59BD2A4194501A800562329 /* Sources */,
				A59BD2A5194501A800562329 /* Frameworks */,
				A59BD2A6194501A800562329 /* Resources */,
			);
			buildRules = (
			);
			dependencies = (
				A59BD2AA194501A800562329 /* PBXTargetDependency */,
			);
			name = CIMenuTests;
			productName = CIMenuTests;
			productReference = A59BD2A8194501A800562329 /* CIMenuTests.xctest */;
			productType = "com.apple.product-type.bundle.unit-test";
		};
/* End PBXNativeTarget section */

/* Begin PBXProject section */
		A59BD28E194501A800562329 /* Project object */ = {
			isa = PBXProject;
			attributes = {
				LastUpgradeCheck = 0600;
				ORGANIZATIONNAME = "Nickolay Abdrafikov";
				TargetAttributes = {
					A59BD295194501A800562329 = {
						CreatedOnToolsVersion = 6.0;
					};
					A59BD2A7194501A800562329 = {
						CreatedOnToolsVersion = 6.0;
						TestTargetID = A59BD295194501A800562329;
					};
				};
			};
			buildConfigurationList = A59BD291194501A800562329 /* Build configuration list for PBXProject "CIMenu" */;
			compatibilityVersion = "Xcode 3.2";
			developmentRegion = English;
			hasScannedForEncodings = 0;
			knownRegions = (
				en,
				Base,
			);
			mainGroup = A59BD28D194501A800562329;
			productRefGroup = A59BD297194501A800562329 /* Products */;
			projectDirPath = "";
			projectRoot = "";
			targets = (
				A59BD295194501A800562329 /* CIMenu */,
				A59BD2A7194501A800562329 /* CIMenuTests */,
			);
		};
/* End PBXProject section */

/* Begin PBXResourcesBuildPhase section */
		A59BD294194501A800562329 /* Resources */ = {
			isa = PBXResourcesBuildPhase;
			buildActionMask = 2147483647;
			files = (
				A59BD2A0194501A800562329 /* Images.xcassets in Resources */,
				A59BD2A3194501A800562329 /* MainMenu.xib in Resources */,
			);
			runOnlyForDeploymentPostprocessing = 0;
		};
		A59BD2A6194501A800562329 /* Resources */ = {
			isa = PBXResourcesBuildPhase;
			buildActionMask = 2147483647;
			files = (
			);
			runOnlyForDeploymentPostprocessing = 0;
		};
/* End PBXResourcesBuildPhase section */

/* Begin PBXSourcesBuildPhase section */
		A59BD292194501A800562329 /* Sources */ = {
			isa = PBXSourcesBuildPhase;
			buildActionMask = 2147483647;
			files = (
				A59BD29E194501A800562329 /* AppDelegate.swift in Sources */,
				A59BD29C194501A800562329 /* main.swift in Sources */,
			);
			runOnlyForDeploymentPostprocessing = 0;
		};
		A59BD2A4194501A800562329 /* Sources */ = {
			isa = PBXSourcesBuildPhase;
			buildActionMask = 2147483647;
			files = (
				A59BD2AF194501A800562329 /* CIMenuTests.swift in Sources */,
			);
			runOnlyForDeploymentPostprocessing = 0;
		};
/* End PBXSourcesBuildPhase section */

/* Begin PBXTargetDependency section */
		A59BD2AA194501A800562329 /* PBXTargetDependency */ = {
			isa = PBXTargetDependency;
			target = A59BD295194501A800562329 /* CIMenu */;
			targetProxy = A59BD2A9194501A800562329 /* PBXContainerItemProxy */;
		};
/* End PBXTargetDependency section */

/* Begin PBXVariantGroup section */
		A59BD2A1194501A800562329 /* MainMenu.xib */ = {
			isa = PBXVariantGroup;
			children = (
				A59BD2A2194501A800562329 /* Base */,
			);
			name = MainMenu.xib;
			sourceTree = "<group>";
		};
/* End PBXVariantGroup section */

/* Begin XCBuildConfiguration section */
		A59BD2B0194501A800562329 /* Debug */ = {
			isa = XCBuildConfiguration;
			buildSettings = {
				ALWAYS_SEARCH_USER_PATHS = NO;
				CLANG_CXX_LANGUAGE_STANDARD = "gnu++0x";
				CLANG_CXX_LIBRARY = "libc++";
				CLANG_ENABLE_MODULES = YES;
				CLANG_ENABLE_OBJC_ARC = YES;
				CLANG_WARN_BOOL_CONVERSION = YES;
				CLANG_WARN_CONSTANT_CONVERSION = YES;
				CLANG_WARN_DIRECT_OBJC_ISA_USAGE = YES_ERROR;
				CLANG_WARN_EMPTY_BODY = YES;
				CLANG_WARN_ENUM_CONVERSION = YES;
				CLANG_WARN_INT_CONVERSION = YES;
				CLANG_WARN_OBJC_ROOT_CLASS = YES_ERROR;
				CLANG_WARN_UNREACHABLE_CODE = YES;
				CLANG_WARN__DUPLICATE_METHOD_MATCH = YES;
				CODE_SIGN_IDENTITY = "-";
				COPY_PHASE_STRIP = NO;
				ENABLE_STRICT_OBJC_MSGSEND = YES;
				GCC_C_LANGUAGE_STANDARD = gnu99;
				GCC_DYNAMIC_NO_PIC = NO;
				GCC_OPTIMIZATION_LEVEL = 0;
				GCC_PREPROCESSOR_DEFINITIONS = (
					"DEBUG=1",
					"$(inherited)",
				);
				GCC_SYMBOLS_PRIVATE_EXTERN = NO;
				GCC_WARN_64_TO_32_BIT_CONVERSION = YES;
				GCC_WARN_ABOUT_RETURN_TYPE = YES_ERROR;
				GCC_WARN_UNDECLARED_SELECTOR = YES;
				GCC_WARN_UNINITIALIZED_AUTOS = YES_AGGRESSIVE;
				GCC_WARN_UNUSED_FUNCTION = YES;
				GCC_WARN_UNUSED_VARIABLE = YES;
				MACOSX_DEPLOYMENT_TARGET = 10.9;
				METAL_ENABLE_DEBUG_INFO = YES;
				ONLY_ACTIVE_ARCH = YES;
				SDKROOT = macosx;
				SWIFT_OPTIMIZATION_LEVEL = "-Onone";
			};
			name = Debug;
		};
		A59BD2B1194501A800562329 /* Release */ = {
			isa = XCBuildConfiguration;
			buildSettings = {
				ALWAYS_SEARCH_USER_PATHS = NO;
				CLANG_CXX_LANGUAGE_STANDARD = "gnu++0x";
				CLANG_CXX_LIBRARY = "libc++";
				CLANG_ENABLE_MODULES = YES;
				CLANG_ENABLE_OBJC_ARC = YES;
				CLANG_WARN_BOOL_CONVERSION = YES;
				CLANG_WARN_CONSTANT_CONVERSION = YES;
				CLANG_WARN_DIRECT_OBJC_ISA_USAGE = YES_ERROR;
				CLANG_WARN_EMPTY_BODY = YES;
				CLANG_WARN_ENUM_CONVERSION = YES;
				CLANG_WARN_INT_CONVERSION = YES;
				CLANG_WARN_OBJC_ROOT_CLASS = YES_ERROR;
				CLANG_WARN_UNREACHABLE_CODE = YES;
				CLANG_WARN__DUPLICATE_METHOD_MATCH = YES;
				CODE_SIGN_IDENTITY = "-";
				COPY_PHASE_STRIP = YES;
				DEBUG_INFORMATION_FORMAT = "dwarf-with-dsym";
				ENABLE_NS_ASSERTIONS = NO;
				ENABLE_STRICT_OBJC_MSGSEND = YES;
				GCC_C_LANGUAGE_STANDARD = gnu99;
				GCC_WARN_64_TO_32_BIT_CONVERSION = YES;
				GCC_WARN_ABOUT_RETURN_TYPE = YES_ERROR;
				GCC_WARN_UNDECLARED_SELECTOR = YES;
				GCC_WARN_UNINITIALIZED_AUTOS = YES_AGGRESSIVE;
				GCC_WARN_UNUSED_FUNCTION = YES;
				GCC_WARN_UNUSED_VARIABLE = YES;
				MACOSX_DEPLOYMENT_TARGET = 10.9;
				METAL_ENABLE_DEBUG_INFO = NO;
				SDKROOT = macosx;
			};
			name = Release;
		};
		A59BD2B3194501A800562329 /* Debug */ = {
			isa = XCBuildConfiguration;
			buildSettings = {
				ASSETCATALOG_COMPILER_APPICON_NAME = AppIcon;
				COMBINE_HIDPI_IMAGES = YES;
				INFOPLIST_FILE = CIMenu/Info.plist;
				LD_RUNPATH_SEARCH_PATHS = "$(inherited) @executable_path/../Frameworks";
				PRODUCT_NAME = "$(TARGET_NAME)";
			};
			name = Debug;
		};
		A59BD2B4194501A800562329 /* Release */ = {
			isa = XCBuildConfiguration;
			buildSettings = {
				ASSETCATALOG_COMPILER_APPICON_NAME = AppIcon;
				COMBINE_HIDPI_IMAGES = YES;
				INFOPLIST_FILE = CIMenu/Info.plist;
				LD_RUNPATH_SEARCH_PATHS = "$(inherited) @executable_path/../Frameworks";
				PRODUCT_NAME = "$(TARGET_NAME)";
			};
			name = Release;
		};
		A59BD2B6194501A800562329 /* Debug */ = {
			isa = XCBuildConfiguration;
			buildSettings = {
				BUNDLE_LOADER = "$(BUILT_PRODUCTS_DIR)/CIMenu.app/Contents/MacOS/CIMenu";
				COMBINE_HIDPI_IMAGES = YES;
				FRAMEWORK_SEARCH_PATHS = (
					"$(DEVELOPER_FRAMEWORKS_DIR)",
					"$(inherited)",
				);
				GCC_PREPROCESSOR_DEFINITIONS = (
					"DEBUG=1",
					"$(inherited)",
				);
				INFOPLIST_FILE = CIMenuTests/Info.plist;
				LD_RUNPATH_SEARCH_PATHS = "$(inherited) @executable_path/../Frameworks @loader_path/../Frameworks";
				METAL_ENABLE_DEBUG_INFO = YES;
				PRODUCT_NAME = "$(TARGET_NAME)";
				TEST_HOST = "$(BUNDLE_LOADER)";
			};
			name = Debug;
		};
		A59BD2B7194501A800562329 /* Release */ = {
			isa = XCBuildConfiguration;
			buildSettings = {
				BUNDLE_LOADER = "$(BUILT_PRODUCTS_DIR)/CIMenu.app/Contents/MacOS/CIMenu";
				COMBINE_HIDPI_IMAGES = YES;
				FRAMEWORK_SEARCH_PATHS = (
					"$(DEVELOPER_FRAMEWORKS_DIR)",
					"$(inherited)",
				);
				INFOPLIST_FILE = CIMenuTests/Info.plist;
				LD_RUNPATH_SEARCH_PATHS = "$(inherited) @executable_path/../Frameworks @loader_path/../Frameworks";
				METAL_ENABLE_DEBUG_INFO = NO;
				PRODUCT_NAME = "$(TARGET_NAME)";
				TEST_HOST = "$(BUNDLE_LOADER)";
			};
			name = Release;
		};
/* End XCBuildConfiguration section */

/* Begin XCConfigurationList section */
		A59BD291194501A800562329 /* Build configuration list for PBXProject "CIMenu" */ = {
			isa = XCConfigurationList;
			buildConfigurations = (
				A59BD2B0194501A800562329 /* Debug */,
				A59BD2B1194501A800562329 /* Release */,
			);
			defaultConfigurationIsVisible = 0;
			defaultConfigurationName = Release;
		};
		A59BD2B2194501A800562329 /* Build configuration list for PBXNativeTarget "CIMenu" */ = {
			isa = XCConfigurationList;
			buildConfigurations = (
				A59BD2B3194501A800562329 /* Debug */,
				A59BD2B4194501A800562329 /* Release */,
			);
			defaultConfigurationIsVisible = 0;
		};
		A59BD2B5194501A800562329 /* Build configuration list for PBXNativeTarget "CIMenuTests" */ = {
			isa = XCConfigurationList;
			buildConfigurations = (
				A59BD2B6194501A800562329 /* Debug */,
				A59BD2B7194501A800562329 /* Release */,
			);
			defaultConfigurationIsVisible = 0;
		};
/* End XCConfigurationList section */
	};
	rootObject = A59BD28E194501A800562329 /* Project object */;
}
